
Microsoft Visual Studio Solution File, Format Version 12.00
# Visual Studio Version 17
VisualStudioVersion = 17.13.35806.99
MinimumVisualStudioVersion = 10.0.40219.1
Project("{FAE04EC0-301F-11D3-BF4B-00C04F79EFBC}") = "OpenEdAI.API", "OpenEdAI.API\OpenEdAI.API.csproj", "{BC5B9A44-D1F3-483E-A68E-2D321776ED74}"
EndProject
Project("{FAE04EC0-301F-11D3-BF4B-00C04F79EFBC}") = "OpenEdAI.Tests", "..OpenEdAI.Tests\OpenEdAI.Tests.csproj", "{A0AE75D0-DB89-4B80-93EA-0AD8104C17D1}"
EndProject
Project("{FAE04EC0-301F-11D3-BF4B-00C04F79EFBC}") = "OpenEdAI.Client", "..OpenEdAI.Client\OpenEdAI.Client.csproj", "{6D437637-D226-4CCE-88CA-75857F34DE60}"
EndProject
Global
	GlobalSection(SolutionConfigurationPlatforms) = preSolution
		Debug|Any CPU = Debug|Any CPU
		Release|Any CPU = Release|Any CPU
	EndGlobalSection
	GlobalSection(ProjectConfigurationPlatforms) = postSolution
		{BC5B9A44-D1F3-483E-A68E-2D321776ED74}.Debug|Any CPU.ActiveCfg = Debug|Any CPU
		{BC5B9A44-D1F3-483E-A68E-2D321776ED74}.Debug|Any CPU.Build.0 = Debug|Any CPU
		{BC5B9A44-D1F3-483E-A68E-2D321776ED74}.Release|Any CPU.ActiveCfg = Release|Any CPU
		{BC5B9A44-D1F3-483E-A68E-2D321776ED74}.Release|Any CPU.Build.0 = Release|Any CPU
		{A0AE75D0-DB89-4B80-93EA-0AD8104C17D1}.Debug|Any CPU.ActiveCfg = Debug|Any CPU
		{A0AE75D0-DB89-4B80-93EA-0AD8104C17D1}.Debug|Any CPU.Build.0 = Debug|Any CPU
		{A0AE75D0-DB89-4B80-93EA-0AD8104C17D1}.Release|Any CPU.ActiveCfg = Release|Any CPU
		{A0AE75D0-DB89-4B80-93EA-0AD8104C17D1}.Release|Any CPU.Build.0 = Release|Any CPU
		{6D437637-D226-4CCE-88CA-75857F34DE60}.Debug|Any CPU.ActiveCfg = Debug|Any CPU
		{6D437637-D226-4CCE-88CA-75857F34DE60}.Debug|Any CPU.Build.0 = Debug|Any CPU
		{6D437637-D226-4CCE-88CA-75857F34DE60}.Release|Any CPU.ActiveCfg = Release|Any CPU
		{6D437637-D226-4CCE-88CA-75857F34DE60}.Release|Any CPU.Build.0 = Release|Any CPU
	EndGlobalSection
	GlobalSection(SolutionProperties) = preSolution
		HideSolutionNode = FALSE
	EndGlobalSection
	GlobalSection(ExtensibilityGlobals) = postSolution
		SolutionGuid = {B707A692-979B-41B8-8CC0-760E929FD174}
	EndGlobalSection
EndGlobal
